
Microsoft Visual Studio Solution File, Format Version 12.00
# Visual Studio Version 16
VisualStudioVersion = 16.0.30503.244
MinimumVisualStudioVersion = 10.0.40219.1
Project("{8BC9CEB8-8B4A-11D0-8D11-00A0C91BC942}") = "OOP_week07_02", "OOP_week07_02\OOP_week07_02.vcxproj", "{F8527E16-A287-4F95-B920-F3BCA0D61E4D}"
EndProject
Global
	GlobalSection(SolutionConfigurationPlatforms) = preSolution
		Debug|x64 = Debug|x64
		Debug|x86 = Debug|x86
		Release|x64 = Release|x64
		Release|x86 = Release|x86
	EndGlobalSection
	GlobalSection(ProjectConfigurationPlatforms) = postSolution
		{F8527E16-A287-4F95-B920-F3BCA0D61E4D}.Debug|x64.ActiveCfg = Debug|x64
		{F8527E16-A287-4F95-B920-F3BCA0D61E4D}.Debug|x64.Build.0 = Debug|x64
		{F8527E16-A287-4F95-B920-F3BCA0D61E4D}.Debug|x86.ActiveCfg = Debug|Win32
		{F8527E16-A287-4F95-B920-F3BCA0D61E4D}.Debug|x86.Build.0 = Debug|Win32
		{F8527E16-A287-4F95-B920-F3BCA0D61E4D}.Release|x64.ActiveCfg = Release|x64
		{F8527E16-A287-4F95-B920-F3BCA0D61E4D}.Release|x64.Build.0 = Release|x64
		{F8527E16-A287-4F95-B920-F3BCA0D61E4D}.Release|x86.ActiveCfg = Release|Win32
		{F8527E16-A287-4F95-B920-F3BCA0D61E4D}.Release|x86.Build.0 = Release|Win32
	EndGlobalSection
	GlobalSection(SolutionProperties) = preSolution
		HideSolutionNode = FALSE
	EndGlobalSection
	GlobalSection(ExtensibilityGlobals) = postSolution
		SolutionGuid = {BE02A69C-E736-4AD9-80ED-72375CB1EA0F}
	EndGlobalSection
EndGlobal
